
Microsoft Visual Studio Solution File, Format Version 12.00
# Visual Studio Version 17
VisualStudioVersion = 17.2.32630.192
MinimumVisualStudioVersion = 10.0.40219.1
Project("{9A19103F-16F7-4668-BE54-9A1E7A4F7556}") = "QR_Code_Generator", "Bar_Code_Generator\QR_Code_Generator.csproj", "{EEDFD0B0-082E-462E-B34B-96201F783D24}"
EndProject
Global
	GlobalSection(SolutionConfigurationPlatforms) = preSolution
		Debug|Any CPU = Debug|Any CPU
		Release|Any CPU = Release|Any CPU
	EndGlobalSection
	GlobalSection(ProjectConfigurationPlatforms) = postSolution
		{EEDFD0B0-082E-462E-B34B-96201F783D24}.Debug|Any CPU.ActiveCfg = Debug|Any CPU
		{EEDFD0B0-082E-462E-B34B-96201F783D24}.Debug|Any CPU.Build.0 = Debug|Any CPU
		{EEDFD0B0-082E-462E-B34B-96201F783D24}.Release|Any CPU.ActiveCfg = Release|Any CPU
		{EEDFD0B0-082E-462E-B34B-96201F783D24}.Release|Any CPU.Build.0 = Release|Any CPU
	EndGlobalSection
	GlobalSection(SolutionProperties) = preSolution
		HideSolutionNode = FALSE
	EndGlobalSection
	GlobalSection(ExtensibilityGlobals) = postSolution
		SolutionGuid = {3CD7270E-E00C-4D58-AB2F-2FF74B8E7BDC}
	EndGlobalSection
EndGlobal
